// !$*UTF8*$!
{
	archiveVersion = 1;
	classes = {
	};
	objectVersion = 77;
	objects = {

/* Begin PBXBuildFile section */
		1072DA5B58BAB942FA30B553 /* ProductListUIComposer.swift in Sources */ = {isa = PBXBuildFile; fileRef = BCD008C52B5DF46572CB8757 /* ProductListUIComposer.swift */; };
		11527950A1677B3E64AEDE6D /* SelectionStateResolver.swift in Sources */ = {isa = PBXBuildFile; fileRef = 406E44916957EE90E0F8E9D7 /* SelectionStateResolver.swift */; };
		12FB83D846613C7A9DD52718 /* ErrorView.swift in Sources */ = {isa = PBXBuildFile; fileRef = 847DA95581B30F252B807535 /* ErrorView.swift */; };
		1347973CF2B4574CEAF95BB2 /* LoadMoreCellController.swift in Sources */ = {isa = PBXBuildFile; fileRef = EA178ADF8389029E68D63600 /* LoadMoreCellController.swift */; };
		2639F4D240B913BAC5FAE877 /* ProductSummary+Preview.swift in Sources */ = {isa = PBXBuildFile; fileRef = A237BDB0B22EABA317CB7F8A /* ProductSummary+Preview.swift */; };
		2FB7989A8B8BBBE3AB30855D /* Logger.swift in Sources */ = {isa = PBXBuildFile; fileRef = 56F0A514C1FFA3F6E394B590 /* Logger.swift */; };
		403B104777EF9765751ECA76 /* AppDelegate.swift in Sources */ = {isa = PBXBuildFile; fileRef = 9446D7E100E511B6816BFEB4 /* AppDelegate.swift */; };
		41F53330B50DFD2079C1EC3D /* ProductListViewAdapter.swift in Sources */ = {isa = PBXBuildFile; fileRef = 36B5DAF62C6C82C70CEE5E7B /* ProductListViewAdapter.swift */; };
		457F0E6BA070479D1361A788 /* ResourceViewProtocols.swift in Sources */ = {isa = PBXBuildFile; fileRef = 6CA7E0242E7671C6FEA1F757 /* ResourceViewProtocols.swift */; };
		460A5F4461FBCC90A018346C /* UIColor+hex.swift in Sources */ = {isa = PBXBuildFile; fileRef = 954FCC6607E916AE316008DF /* UIColor+hex.swift */; };
		4777CE5368249010DC68C292 /* ProductListPresenter.swift in Sources */ = {isa = PBXBuildFile; fileRef = 647A4D41D924813242298A67 /* ProductListPresenter.swift */; };
		579EBF962813006A06E1C0A2 /* PaginationResponse.swift in Sources */ = {isa = PBXBuildFile; fileRef = A46058688A54E0C20BB03B72 /* PaginationResponse.swift */; };
		58BBFCA49A5187B25A410CE6 /* ProductDetailPresenter.swift in Sources */ = {isa = PBXBuildFile; fileRef = E76C621B26241355AEF561DE /* ProductDetailPresenter.swift */; };
		5BE9B597E6C8C8C990C1B907 /* UIFont+Atelier.swift in Sources */ = {isa = PBXBuildFile; fileRef = AD6956A71E853446420A97EC /* UIFont+Atelier.swift */; };
		61E604ADAC4F41F4B1699E18 /* AppContainer.swift in Sources */ = {isa = PBXBuildFile; fileRef = 1F0E5CC558919744DD428EA0 /* AppContainer.swift */; };
		7013A08A0E3BC532665D3932 /* RootCoordinator.swift in Sources */ = {isa = PBXBuildFile; fileRef = 68455571A7D84CFD76CA9458 /* RootCoordinator.swift */; };
		719F9D992E6546A56789AEE0 /* OptionValueButton.swift in Sources */ = {isa = PBXBuildFile; fileRef = CA07A9CAF286734FB8F0DDC1 /* OptionValueButton.swift */; };
		733355B840EA554C0D2827F7 /* ProductListContainerResponse.swift in Sources */ = {isa = PBXBuildFile; fileRef = BF0685DF7484E1F22663C5CA /* ProductListContainerResponse.swift */; };
		7C849E2CD81E5792FD6A6805 /* OptionGroupView.swift in Sources */ = {isa = PBXBuildFile; fileRef = DAD4A949D7EEEBB1F10E5033 /* OptionGroupView.swift */; };
		7F19189757402D94AEEDCF9C /* APIIntegrationTests.swift in Sources */ = {isa = PBXBuildFile; fileRef = F9B39A8393C0515A4EBF1CCC /* APIIntegrationTests.swift */; };
		7FA4E3F5605255D1B3A25C86 /* PaginationLinkResponse.swift in Sources */ = {isa = PBXBuildFile; fileRef = 3932AB5CEE2631A1C504A4E8 /* PaginationLinkResponse.swift */; };
		818275071B68B6653650EE68 /* ProductDetailData.swift in Sources */ = {isa = PBXBuildFile; fileRef = B22820362C1F4764E6FFD511 /* ProductDetailData.swift */; };
		899DD2D71D6DDEE244AB59B2 /* ProductListItemResponse.swift in Sources */ = {isa = PBXBuildFile; fileRef = 1C672FF5AC5B59D5FC22F228 /* ProductListItemResponse.swift */; };
		914B6880C0782F492B625CF9 /* UIImage+Make.swift in Sources */ = {isa = PBXBuildFile; fileRef = 7AA608B5DB50319682C38B31 /* UIImage+Make.swift */; };
		94C85AD0F29AF416B0F3591C /* HTTPClientError.swift in Sources */ = {isa = PBXBuildFile; fileRef = 631BE04178F3383544877CFA /* HTTPClientError.swift */; };
		9795D7D63AC75DA6D2AF6F14 /* ProductListViewModelTests.swift in Sources */ = {isa = PBXBuildFile; fileRef = B1BEB09C679D6F6905C9C186 /* ProductListViewModelTests.swift */; };
		999729B0913099C0EA48425B /* HTTPClient.swift in Sources */ = {isa = PBXBuildFile; fileRef = 7BD18B659664392F822AD676 /* HTTPClient.swift */; };
		9D197882A50E9852EAB79418 /* ProductDetailResponse.swift in Sources */ = {isa = PBXBuildFile; fileRef = EFC299CEA7324A225B4367EC /* ProductDetailResponse.swift */; };
		A1311F24476E5BE0F273CD8D /* ProductListRepository.swift in Sources */ = {isa = PBXBuildFile; fileRef = 40B155BB36447BEC1C807E2C /* ProductListRepository.swift */; };
		A45150177BEB1B5931C1A714 /* SizeOptionResponse.swift in Sources */ = {isa = PBXBuildFile; fileRef = B2D9DA4D3E6713D222726AC7 /* SizeOptionResponse.swift */; };
		A5A323F92B88A8C2458F8867 /* MediaResponse.swift in Sources */ = {isa = PBXBuildFile; fileRef = C9A7F2CCF6212A000047165C /* MediaResponse.swift */; };
		A806E3C9269550202A22542F /* CollectionViewController.swift in Sources */ = {isa = PBXBuildFile; fileRef = EC24B5AC12B9CA844FF2E1B0 /* CollectionViewController.swift */; };
		A853C154E3C75A149604879E /* ImageLoader.swift in Sources */ = {isa = PBXBuildFile; fileRef = ABAB3707DD9861C9DACF349B /* ImageLoader.swift */; };
		B717FA82142572E0AA46F71E /* MediaCarouselView.swift in Sources */ = {isa = PBXBuildFile; fileRef = 91F7557A82332AF1453315C5 /* MediaCarouselView.swift */; };
		B95CC5933A248B57581B887A /* CellController.swift in Sources */ = {isa = PBXBuildFile; fileRef = F43FB0405D25CE2ABF6A834D /* CellController.swift */; };
		BB81C2F5F2D21715A67FFABE /* MediaCarouselCell.swift in Sources */ = {isa = PBXBuildFile; fileRef = 20CDDBA37CA6248929208DC7 /* MediaCarouselCell.swift */; };
		BD9C9486C97FB0987E234AD5 /* FlexibleDecimal.swift in Sources */ = {isa = PBXBuildFile; fileRef = 62C78674C413F27C57CCF713 /* FlexibleDecimal.swift */; };
		BE2E35B3BE3C45FF0636E915 /* ProductDetailRepository.swift in Sources */ = {isa = PBXBuildFile; fileRef = 26EF616D40BA3C9A90A261BA /* ProductDetailRepository.swift */; };
		C7D651630AFB0668F6A0CA27 /* SwiftUI.framework in Frameworks */ = {isa = PBXBuildFile; fileRef = F406C1FF97911F910AB96B13 /* SwiftUI.framework */; };
		C81033E225EC640374290879 /* LoadResourcePresenter.swift in Sources */ = {isa = PBXBuildFile; fileRef = 102D30AF2CE82CB5F7AACB3D /* LoadResourcePresenter.swift */; };
		CD0C14E8585311072ABF6BB9 /* ProductListCell.swift in Sources */ = {isa = PBXBuildFile; fileRef = 1513E29328ED82E2465D24C4 /* ProductListCell.swift */; };
		D5F9FF6D5DE9309056A004D8 /* ProductListResponse.swift in Sources */ = {isa = PBXBuildFile; fileRef = 18FC06CE2AA3C4155AC9F2B3 /* ProductListResponse.swift */; };
		D63BD9CF547CBE15DD8B45B5 /* ProductDetailViewController.swift in Sources */ = {isa = PBXBuildFile; fileRef = 8360341DB3A2492FA66F11E4 /* ProductDetailViewController.swift */; };
		D7006D0B869B23F7B65A7FE9 /* ProductListViewController.swift in Sources */ = {isa = PBXBuildFile; fileRef = 96B07E6A3B058C9A0A49F6B3 /* ProductListViewController.swift */; };
		D984FA224DA5DFC456BA8A00 /* DecodingTests.swift in Sources */ = {isa = PBXBuildFile; fileRef = 9169A4ADE803E55B0B495844 /* DecodingTests.swift */; };
		DAC19536C17D65DE67DECAC4 /* RemoteImageLoader.swift in Sources */ = {isa = PBXBuildFile; fileRef = 695BDCB9BE14EA89BCE3CAC1 /* RemoteImageLoader.swift */; };
		DAE6560B7BD92F4E1E295FA0 /* SelectionStateResolverTests.swift in Sources */ = {isa = PBXBuildFile; fileRef = E237E3E588AF38C331CF6A7A /* SelectionStateResolverTests.swift */; };
		DE725CB897F0B33268D0BCDF /* OunassURLBuilder.swift in Sources */ = {isa = PBXBuildFile; fileRef = 9BFBE5BB9F0EE45DFBB9EB84 /* OunassURLBuilder.swift */; };
		E0FEF674E94899FFF4DB52E4 /* ProductListRepositoryProtocol.swift in Sources */ = {isa = PBXBuildFile; fileRef = ADD0456634F783FFAB7B97D0 /* ProductListRepositoryProtocol.swift */; };
		E8EC8305B2E5D19F198C905F /* LoadResourcePresentationAdapter.swift in Sources */ = {isa = PBXBuildFile; fileRef = 16328E97E601AC7797FA5D41 /* LoadResourcePresentationAdapter.swift */; };
		EDF5AC210AD58F8EC86FD136 /* RemoteHTTPClient.swift in Sources */ = {isa = PBXBuildFile; fileRef = DD75DD6992A2B340506C6EFE /* RemoteHTTPClient.swift */; };
		F4788604333340E1EAC045F7 /* FakeImageLoader.swift in Sources */ = {isa = PBXBuildFile; fileRef = 5348CF43C6B623918ED1B96B /* FakeImageLoader.swift */; };
		F5EFD56A8A237D64DE218F45 /* ColorOptionResponse.swift in Sources */ = {isa = PBXBuildFile; fileRef = B6D501FFD87EEB66C400E408 /* ColorOptionResponse.swift */; };
		F644E47DD30C709A04462293 /* ProductDetailRepositoryProtocol.swift in Sources */ = {isa = PBXBuildFile; fileRef = 63A5CD52C9873BED1E5F9544 /* ProductDetailRepositoryProtocol.swift */; };
		F72C173659E1691A4E8C77D0 /* ProductModels.swift in Sources */ = {isa = PBXBuildFile; fileRef = 2721E464FD25B4860C9BA513 /* ProductModels.swift */; };
		FCA9B8D38CF6BE2BBEEF5412 /* ProductListCellController.swift in Sources */ = {isa = PBXBuildFile; fileRef = 798DB0A3D91EE1625CFCBF8C /* ProductListCellController.swift */; };
		FF2603FF1D32D1B76954668A /* TestFixtures.swift in Sources */ = {isa = PBXBuildFile; fileRef = EE16FA491A0712D066B91AB3 /* TestFixtures.swift */; };
/* End PBXBuildFile section */

/* Begin PBXContainerItemProxy section */
		62E9719361A0CBEF1C65BE05 /* PBXContainerItemProxy */ = {
			isa = PBXContainerItemProxy;
			containerPortal = B5558EEBCEAAE3D58240A1DF /* Project object */;
			proxyType = 1;
			remoteGlobalIDString = E448EF2C4913453189AE49D4;
			remoteInfo = OunassCaseStudy;
		};
/* End PBXContainerItemProxy section */

/* Begin PBXFileReference section */
		102D30AF2CE82CB5F7AACB3D /* LoadResourcePresenter.swift */ = {isa = PBXFileReference; lastKnownFileType = sourcecode.swift; path = LoadResourcePresenter.swift; sourceTree = "<group>"; };
		1513E29328ED82E2465D24C4 /* ProductListCell.swift */ = {isa = PBXFileReference; lastKnownFileType = sourcecode.swift; path = ProductListCell.swift; sourceTree = "<group>"; };
		16328E97E601AC7797FA5D41 /* LoadResourcePresentationAdapter.swift */ = {isa = PBXFileReference; lastKnownFileType = sourcecode.swift; path = LoadResourcePresentationAdapter.swift; sourceTree = "<group>"; };
		187C313C95D12FC8C2B53982 /* OunassCaseStudy.app */ = {isa = PBXFileReference; includeInIndex = 0; lastKnownFileType = wrapper.application; path = OunassCaseStudy.app; sourceTree = BUILT_PRODUCTS_DIR; };
		18FC06CE2AA3C4155AC9F2B3 /* ProductListResponse.swift */ = {isa = PBXFileReference; lastKnownFileType = sourcecode.swift; path = ProductListResponse.swift; sourceTree = "<group>"; };
		1C672FF5AC5B59D5FC22F228 /* ProductListItemResponse.swift */ = {isa = PBXFileReference; lastKnownFileType = sourcecode.swift; path = ProductListItemResponse.swift; sourceTree = "<group>"; };
		1F0E5CC558919744DD428EA0 /* AppContainer.swift */ = {isa = PBXFileReference; lastKnownFileType = sourcecode.swift; path = AppContainer.swift; sourceTree = "<group>"; };
		20CDDBA37CA6248929208DC7 /* MediaCarouselCell.swift */ = {isa = PBXFileReference; lastKnownFileType = sourcecode.swift; path = MediaCarouselCell.swift; sourceTree = "<group>"; };
		26EF616D40BA3C9A90A261BA /* ProductDetailRepository.swift */ = {isa = PBXFileReference; lastKnownFileType = sourcecode.swift; path = ProductDetailRepository.swift; sourceTree = "<group>"; };
		2721E464FD25B4860C9BA513 /* ProductModels.swift */ = {isa = PBXFileReference; lastKnownFileType = sourcecode.swift; path = ProductModels.swift; sourceTree = "<group>"; };
		36B5DAF62C6C82C70CEE5E7B /* ProductListViewAdapter.swift */ = {isa = PBXFileReference; lastKnownFileType = sourcecode.swift; path = ProductListViewAdapter.swift; sourceTree = "<group>"; };
		3932AB5CEE2631A1C504A4E8 /* PaginationLinkResponse.swift */ = {isa = PBXFileReference; lastKnownFileType = sourcecode.swift; path = PaginationLinkResponse.swift; sourceTree = "<group>"; };
		406E44916957EE90E0F8E9D7 /* SelectionStateResolver.swift */ = {isa = PBXFileReference; lastKnownFileType = sourcecode.swift; path = SelectionStateResolver.swift; sourceTree = "<group>"; };
		40B155BB36447BEC1C807E2C /* ProductListRepository.swift */ = {isa = PBXFileReference; lastKnownFileType = sourcecode.swift; path = ProductListRepository.swift; sourceTree = "<group>"; };
		5348CF43C6B623918ED1B96B /* FakeImageLoader.swift */ = {isa = PBXFileReference; lastKnownFileType = sourcecode.swift; path = FakeImageLoader.swift; sourceTree = "<group>"; };
		56F0A514C1FFA3F6E394B590 /* Logger.swift */ = {isa = PBXFileReference; lastKnownFileType = sourcecode.swift; path = Logger.swift; sourceTree = "<group>"; };
		62C78674C413F27C57CCF713 /* FlexibleDecimal.swift */ = {isa = PBXFileReference; lastKnownFileType = sourcecode.swift; path = FlexibleDecimal.swift; sourceTree = "<group>"; };
		631BE04178F3383544877CFA /* HTTPClientError.swift */ = {isa = PBXFileReference; lastKnownFileType = sourcecode.swift; path = HTTPClientError.swift; sourceTree = "<group>"; };
		63A5CD52C9873BED1E5F9544 /* ProductDetailRepositoryProtocol.swift */ = {isa = PBXFileReference; lastKnownFileType = sourcecode.swift; path = ProductDetailRepositoryProtocol.swift; sourceTree = "<group>"; };
		647A4D41D924813242298A67 /* ProductListPresenter.swift */ = {isa = PBXFileReference; lastKnownFileType = sourcecode.swift; path = ProductListPresenter.swift; sourceTree = "<group>"; };
		68455571A7D84CFD76CA9458 /* RootCoordinator.swift */ = {isa = PBXFileReference; lastKnownFileType = sourcecode.swift; path = RootCoordinator.swift; sourceTree = "<group>"; };
		695BDCB9BE14EA89BCE3CAC1 /* RemoteImageLoader.swift */ = {isa = PBXFileReference; lastKnownFileType = sourcecode.swift; path = RemoteImageLoader.swift; sourceTree = "<group>"; };
		6CA7E0242E7671C6FEA1F757 /* ResourceViewProtocols.swift */ = {isa = PBXFileReference; lastKnownFileType = sourcecode.swift; path = ResourceViewProtocols.swift; sourceTree = "<group>"; };
		798DB0A3D91EE1625CFCBF8C /* ProductListCellController.swift */ = {isa = PBXFileReference; lastKnownFileType = sourcecode.swift; path = ProductListCellController.swift; sourceTree = "<group>"; };
		7AA608B5DB50319682C38B31 /* UIImage+Make.swift */ = {isa = PBXFileReference; lastKnownFileType = sourcecode.swift; path = "UIImage+Make.swift"; sourceTree = "<group>"; };
		7BD18B659664392F822AD676 /* HTTPClient.swift */ = {isa = PBXFileReference; lastKnownFileType = sourcecode.swift; path = HTTPClient.swift; sourceTree = "<group>"; };
		8360341DB3A2492FA66F11E4 /* ProductDetailViewController.swift */ = {isa = PBXFileReference; lastKnownFileType = sourcecode.swift; path = ProductDetailViewController.swift; sourceTree = "<group>"; };
		847DA95581B30F252B807535 /* ErrorView.swift */ = {isa = PBXFileReference; lastKnownFileType = sourcecode.swift; path = ErrorView.swift; sourceTree = "<group>"; };
		9169A4ADE803E55B0B495844 /* DecodingTests.swift */ = {isa = PBXFileReference; lastKnownFileType = sourcecode.swift; path = DecodingTests.swift; sourceTree = "<group>"; };
		91F7557A82332AF1453315C5 /* MediaCarouselView.swift */ = {isa = PBXFileReference; lastKnownFileType = sourcecode.swift; path = MediaCarouselView.swift; sourceTree = "<group>"; };
		9446D7E100E511B6816BFEB4 /* AppDelegate.swift */ = {isa = PBXFileReference; lastKnownFileType = sourcecode.swift; path = AppDelegate.swift; sourceTree = "<group>"; };
		954FCC6607E916AE316008DF /* UIColor+hex.swift */ = {isa = PBXFileReference; lastKnownFileType = sourcecode.swift; path = "UIColor+hex.swift"; sourceTree = "<group>"; };
		96B07E6A3B058C9A0A49F6B3 /* ProductListViewController.swift */ = {isa = PBXFileReference; lastKnownFileType = sourcecode.swift; path = ProductListViewController.swift; sourceTree = "<group>"; };
		9BFBE5BB9F0EE45DFBB9EB84 /* OunassURLBuilder.swift */ = {isa = PBXFileReference; lastKnownFileType = sourcecode.swift; path = OunassURLBuilder.swift; sourceTree = "<group>"; };
		A237BDB0B22EABA317CB7F8A /* ProductSummary+Preview.swift */ = {isa = PBXFileReference; lastKnownFileType = sourcecode.swift; path = "ProductSummary+Preview.swift"; sourceTree = "<group>"; };
		A46058688A54E0C20BB03B72 /* PaginationResponse.swift */ = {isa = PBXFileReference; lastKnownFileType = sourcecode.swift; path = PaginationResponse.swift; sourceTree = "<group>"; };
		ABAB3707DD9861C9DACF349B /* ImageLoader.swift */ = {isa = PBXFileReference; lastKnownFileType = sourcecode.swift; path = ImageLoader.swift; sourceTree = "<group>"; };
		AD6956A71E853446420A97EC /* UIFont+Atelier.swift */ = {isa = PBXFileReference; lastKnownFileType = sourcecode.swift; path = "UIFont+Atelier.swift"; sourceTree = "<group>"; };
		ADD0456634F783FFAB7B97D0 /* ProductListRepositoryProtocol.swift */ = {isa = PBXFileReference; lastKnownFileType = sourcecode.swift; path = ProductListRepositoryProtocol.swift; sourceTree = "<group>"; };
		B1BEB09C679D6F6905C9C186 /* ProductListViewModelTests.swift */ = {isa = PBXFileReference; lastKnownFileType = sourcecode.swift; path = ProductListViewModelTests.swift; sourceTree = "<group>"; };
		B22820362C1F4764E6FFD511 /* ProductDetailData.swift */ = {isa = PBXFileReference; lastKnownFileType = sourcecode.swift; path = ProductDetailData.swift; sourceTree = "<group>"; };
		B2D9DA4D3E6713D222726AC7 /* SizeOptionResponse.swift */ = {isa = PBXFileReference; lastKnownFileType = sourcecode.swift; path = SizeOptionResponse.swift; sourceTree = "<group>"; };
		B483C0749EF4663DA11B2237 /* OunassCaseStudyTests.xctest */ = {isa = PBXFileReference; includeInIndex = 0; lastKnownFileType = wrapper.cfbundle; path = OunassCaseStudyTests.xctest; sourceTree = BUILT_PRODUCTS_DIR; };
		B6D501FFD87EEB66C400E408 /* ColorOptionResponse.swift */ = {isa = PBXFileReference; lastKnownFileType = sourcecode.swift; path = ColorOptionResponse.swift; sourceTree = "<group>"; };
		BCD008C52B5DF46572CB8757 /* ProductListUIComposer.swift */ = {isa = PBXFileReference; lastKnownFileType = sourcecode.swift; path = ProductListUIComposer.swift; sourceTree = "<group>"; };
		BF0685DF7484E1F22663C5CA /* ProductListContainerResponse.swift */ = {isa = PBXFileReference; lastKnownFileType = sourcecode.swift; path = ProductListContainerResponse.swift; sourceTree = "<group>"; };
		C9A7F2CCF6212A000047165C /* MediaResponse.swift */ = {isa = PBXFileReference; lastKnownFileType = sourcecode.swift; path = MediaResponse.swift; sourceTree = "<group>"; };
		CA07A9CAF286734FB8F0DDC1 /* OptionValueButton.swift */ = {isa = PBXFileReference; lastKnownFileType = sourcecode.swift; path = OptionValueButton.swift; sourceTree = "<group>"; };
		DAD4A949D7EEEBB1F10E5033 /* OptionGroupView.swift */ = {isa = PBXFileReference; lastKnownFileType = sourcecode.swift; path = OptionGroupView.swift; sourceTree = "<group>"; };
		DD75DD6992A2B340506C6EFE /* RemoteHTTPClient.swift */ = {isa = PBXFileReference; lastKnownFileType = sourcecode.swift; path = RemoteHTTPClient.swift; sourceTree = "<group>"; };
		E237E3E588AF38C331CF6A7A /* SelectionStateResolverTests.swift */ = {isa = PBXFileReference; lastKnownFileType = sourcecode.swift; path = SelectionStateResolverTests.swift; sourceTree = "<group>"; };
		E76C621B26241355AEF561DE /* ProductDetailPresenter.swift */ = {isa = PBXFileReference; lastKnownFileType = sourcecode.swift; path = ProductDetailPresenter.swift; sourceTree = "<group>"; };
		EA178ADF8389029E68D63600 /* LoadMoreCellController.swift */ = {isa = PBXFileReference; lastKnownFileType = sourcecode.swift; path = LoadMoreCellController.swift; sourceTree = "<group>"; };
		EC24B5AC12B9CA844FF2E1B0 /* CollectionViewController.swift */ = {isa = PBXFileReference; lastKnownFileType = sourcecode.swift; path = CollectionViewController.swift; sourceTree = "<group>"; };
		EE16FA491A0712D066B91AB3 /* TestFixtures.swift */ = {isa = PBXFileReference; lastKnownFileType = sourcecode.swift; path = TestFixtures.swift; sourceTree = "<group>"; };
		EFC299CEA7324A225B4367EC /* ProductDetailResponse.swift */ = {isa = PBXFileReference; lastKnownFileType = sourcecode.swift; path = ProductDetailResponse.swift; sourceTree = "<group>"; };
		F406C1FF97911F910AB96B13 /* SwiftUI.framework */ = {isa = PBXFileReference; lastKnownFileType = wrapper.framework; name = SwiftUI.framework; path = System/Library/Frameworks/SwiftUI.framework; sourceTree = SDKROOT; };
		F43FB0405D25CE2ABF6A834D /* CellController.swift */ = {isa = PBXFileReference; lastKnownFileType = sourcecode.swift; path = CellController.swift; sourceTree = "<group>"; };
		F9B39A8393C0515A4EBF1CCC /* APIIntegrationTests.swift */ = {isa = PBXFileReference; lastKnownFileType = sourcecode.swift; path = APIIntegrationTests.swift; sourceTree = "<group>"; };
/* End PBXFileReference section */

/* Begin PBXFrameworksBuildPhase section */
		A16B72B0A9F6D498D4625593 /* Frameworks */ = {
			isa = PBXFrameworksBuildPhase;
			buildActionMask = 2147483647;
			files = (
				C7D651630AFB0668F6A0CA27 /* SwiftUI.framework in Frameworks */,
			);
			runOnlyForDeploymentPostprocessing = 0;
		};
/* End PBXFrameworksBuildPhase section */

/* Begin PBXGroup section */
		037A8DD0AAB9EC5C398CCD47 /* Networking */ = {
			isa = PBXGroup;
			children = (
				AD01EE1B2BC45EC77EA41FFC /* Client */,
				0D123A769F993638B591ACB2 /* Responses */,
				5957E94BD21E37AB91F0FD06 /* Services */,
			);
			path = Networking;
			sourceTree = "<group>";
		};
		0D123A769F993638B591ACB2 /* Responses */ = {
			isa = PBXGroup;
			children = (
				B6D501FFD87EEB66C400E408 /* ColorOptionResponse.swift */,
				62C78674C413F27C57CCF713 /* FlexibleDecimal.swift */,
				C9A7F2CCF6212A000047165C /* MediaResponse.swift */,
				3932AB5CEE2631A1C504A4E8 /* PaginationLinkResponse.swift */,
				A46058688A54E0C20BB03B72 /* PaginationResponse.swift */,
				B22820362C1F4764E6FFD511 /* ProductDetailData.swift */,
				EFC299CEA7324A225B4367EC /* ProductDetailResponse.swift */,
				BF0685DF7484E1F22663C5CA /* ProductListContainerResponse.swift */,
				1C672FF5AC5B59D5FC22F228 /* ProductListItemResponse.swift */,
				18FC06CE2AA3C4155AC9F2B3 /* ProductListResponse.swift */,
				B2D9DA4D3E6713D222726AC7 /* SizeOptionResponse.swift */,
			);
			path = Responses;
			sourceTree = "<group>";
		};
		1854273A90FC6570FBFB4062 /* Products */ = {
			isa = PBXGroup;
			children = (
				187C313C95D12FC8C2B53982 /* OunassCaseStudy.app */,
				B483C0749EF4663DA11B2237 /* OunassCaseStudyTests.xctest */,
			);
			name = Products;
			sourceTree = "<group>";
		};
		257DC5DC5DE5C8C28587B2C4 /* Models */ = {
			isa = PBXGroup;
			children = (
				2721E464FD25B4860C9BA513 /* ProductModels.swift */,
			);
			path = Models;
			sourceTree = "<group>";
		};
		3175C5F4094B415F3637AFE6 /* Extensions */ = {
			isa = PBXGroup;
			children = (
				954FCC6607E916AE316008DF /* UIColor+hex.swift */,
				AD6956A71E853446420A97EC /* UIFont+Atelier.swift */,
				7AA608B5DB50319682C38B31 /* UIImage+Make.swift */,
			);
			path = Extensions;
			sourceTree = "<group>";
		};
		317D702ECB905632ACD0E7F5 /* ProductList */ = {
			isa = PBXGroup;
			children = (
				1513E29328ED82E2465D24C4 /* ProductListCell.swift */,
				798DB0A3D91EE1625CFCBF8C /* ProductListCellController.swift */,
				647A4D41D924813242298A67 /* ProductListPresenter.swift */,
				BCD008C52B5DF46572CB8757 /* ProductListUIComposer.swift */,
				36B5DAF62C6C82C70CEE5E7B /* ProductListViewAdapter.swift */,
				96B07E6A3B058C9A0A49F6B3 /* ProductListViewController.swift */,
				A237BDB0B22EABA317CB7F8A /* ProductSummary+Preview.swift */,
			);
			path = ProductList;
			sourceTree = "<group>";
		};
		42E739887C9CC3FFEC5BAF48 /* Features */ = {
			isa = PBXGroup;
			children = (
				614E1B4B706A6B2981A1A398 /* ProductDetail */,
				317D702ECB905632ACD0E7F5 /* ProductList */,
			);
			path = Features;
			sourceTree = "<group>";
		};
		4B0BFDAB5824B19A4C5F3E7D /* OunassCaseStudyTests */ = {
			isa = PBXGroup;
			children = (
				F9B39A8393C0515A4EBF1CCC /* APIIntegrationTests.swift */,
				9169A4ADE803E55B0B495844 /* DecodingTests.swift */,
				B1BEB09C679D6F6905C9C186 /* ProductListViewModelTests.swift */,
				E237E3E588AF38C331CF6A7A /* SelectionStateResolverTests.swift */,
				EE16FA491A0712D066B91AB3 /* TestFixtures.swift */,
			);
			path = OunassCaseStudyTests;
			sourceTree = "<group>";
		};
		5957E94BD21E37AB91F0FD06 /* Services */ = {
			isa = PBXGroup;
			children = (
				26EF616D40BA3C9A90A261BA /* ProductDetailRepository.swift */,
				63A5CD52C9873BED1E5F9544 /* ProductDetailRepositoryProtocol.swift */,
				40B155BB36447BEC1C807E2C /* ProductListRepository.swift */,
				ADD0456634F783FFAB7B97D0 /* ProductListRepositoryProtocol.swift */,
			);
			path = Services;
			sourceTree = "<group>";
		};
		614E1B4B706A6B2981A1A398 /* ProductDetail */ = {
			isa = PBXGroup;
			children = (
				E76C621B26241355AEF561DE /* ProductDetailPresenter.swift */,
				8360341DB3A2492FA66F11E4 /* ProductDetailViewController.swift */,
				CC8045D15248576E96FBC70C /* Views */,
			);
			path = ProductDetail;
			sourceTree = "<group>";
		};
		7AC4A8C73C3CBC618FD150E8 /* App */ = {
			isa = PBXGroup;
			children = (
				1F0E5CC558919744DD428EA0 /* AppContainer.swift */,
				9446D7E100E511B6816BFEB4 /* AppDelegate.swift */,
				68455571A7D84CFD76CA9458 /* RootCoordinator.swift */,
			);
			path = App;
			sourceTree = "<group>";
		};
		93732A810C30BC1B66EB58A6 /* Views */ = {
			isa = PBXGroup;
			children = (
				F43FB0405D25CE2ABF6A834D /* CellController.swift */,
				EC24B5AC12B9CA844FF2E1B0 /* CollectionViewController.swift */,
				847DA95581B30F252B807535 /* ErrorView.swift */,
				EA178ADF8389029E68D63600 /* LoadMoreCellController.swift */,
			);
			path = Views;
			sourceTree = "<group>";
		};
		AD01EE1B2BC45EC77EA41FFC /* Client */ = {
			isa = PBXGroup;
			children = (
				7BD18B659664392F822AD676 /* HTTPClient.swift */,
				631BE04178F3383544877CFA /* HTTPClientError.swift */,
				9BFBE5BB9F0EE45DFBB9EB84 /* OunassURLBuilder.swift */,
				DD75DD6992A2B340506C6EFE /* RemoteHTTPClient.swift */,
			);
			path = Client;
			sourceTree = "<group>";
		};
		B1AE54D07444A4494B556BA7 = {
			isa = PBXGroup;
			children = (
				D48F578524437C5CA33BFC01 /* OunassCaseStudy */,
				4B0BFDAB5824B19A4C5F3E7D /* OunassCaseStudyTests */,
				B34E9A4576437098D45A2769 /* Frameworks */,
				1854273A90FC6570FBFB4062 /* Products */,
			);
			sourceTree = "<group>";
		};
		B34E9A4576437098D45A2769 /* Frameworks */ = {
			isa = PBXGroup;
			children = (
				F406C1FF97911F910AB96B13 /* SwiftUI.framework */,
			);
			name = Frameworks;
			sourceTree = "<group>";
		};
		BAF5F05FDE43E57B6F3E2F70 /* Selection */ = {
			isa = PBXGroup;
			children = (
				406E44916957EE90E0F8E9D7 /* SelectionStateResolver.swift */,
			);
			path = Selection;
			sourceTree = "<group>";
		};
		C736E89B54C84D1241DF18A9 /* Logging */ = {
			isa = PBXGroup;
			children = (
				56F0A514C1FFA3F6E394B590 /* Logger.swift */,
			);
			path = Logging;
			sourceTree = "<group>";
		};
		CC8045D15248576E96FBC70C /* Views */ = {
			isa = PBXGroup;
			children = (
				20CDDBA37CA6248929208DC7 /* MediaCarouselCell.swift */,
				91F7557A82332AF1453315C5 /* MediaCarouselView.swift */,
				DAD4A949D7EEEBB1F10E5033 /* OptionGroupView.swift */,
				CA07A9CAF286734FB8F0DDC1 /* OptionValueButton.swift */,
			);
			path = Views;
			sourceTree = "<group>";
		};
		D48F578524437C5CA33BFC01 /* OunassCaseStudy */ = {
			isa = PBXGroup;
			children = (
				7AC4A8C73C3CBC618FD150E8 /* App */,
				E9FE9F266007BE376FC9ED48 /* Core */,
				42E739887C9CC3FFEC5BAF48 /* Features */,
			);
			name = OunassCaseStudy;
			path = OunassCaseStudy/Sources;
			sourceTree = "<group>";
		};
		D8ADE22C0C7A6493E3A03CFE /* Presentation */ = {
			isa = PBXGroup;
			children = (
				16328E97E601AC7797FA5D41 /* LoadResourcePresentationAdapter.swift */,
				102D30AF2CE82CB5F7AACB3D /* LoadResourcePresenter.swift */,
				6CA7E0242E7671C6FEA1F757 /* ResourceViewProtocols.swift */,
			);
			path = Presentation;
			sourceTree = "<group>";
		};
		E9FE9F266007BE376FC9ED48 /* Core */ = {
			isa = PBXGroup;
			children = (
				3175C5F4094B415F3637AFE6 /* Extensions */,
				FD409D83989C8197F8CEBBB5 /* Images */,
				C736E89B54C84D1241DF18A9 /* Logging */,
				257DC5DC5DE5C8C28587B2C4 /* Models */,
				037A8DD0AAB9EC5C398CCD47 /* Networking */,
				D8ADE22C0C7A6493E3A03CFE /* Presentation */,
				BAF5F05FDE43E57B6F3E2F70 /* Selection */,
				93732A810C30BC1B66EB58A6 /* Views */,
			);
			path = Core;
			sourceTree = "<group>";
		};
		FD409D83989C8197F8CEBBB5 /* Images */ = {
			isa = PBXGroup;
			children = (
				5348CF43C6B623918ED1B96B /* FakeImageLoader.swift */,
				ABAB3707DD9861C9DACF349B /* ImageLoader.swift */,
				695BDCB9BE14EA89BCE3CAC1 /* RemoteImageLoader.swift */,
			);
			path = Images;
			sourceTree = "<group>";
		};
/* End PBXGroup section */

/* Begin PBXNativeTarget section */
		D7FA6ABBCB86EBAD6FFDF7D3 /* OunassCaseStudyTests */ = {
			isa = PBXNativeTarget;
			buildConfigurationList = 0F6070129D5226F262D042FA /* Build configuration list for PBXNativeTarget "OunassCaseStudyTests" */;
			buildPhases = (
				89EDD3AD3303D47847312ADA /* Sources */,
			);
			buildRules = (
			);
			dependencies = (
				121E823D94726BC66B7FE07F /* PBXTargetDependency */,
			);
			name = OunassCaseStudyTests;
			packageProductDependencies = (
			);
			productName = OunassCaseStudyTests;
			productReference = B483C0749EF4663DA11B2237 /* OunassCaseStudyTests.xctest */;
			productType = "com.apple.product-type.bundle.unit-test";
		};
		E448EF2C4913453189AE49D4 /* OunassCaseStudy */ = {
			isa = PBXNativeTarget;
			buildConfigurationList = 7ED33A1F756807C8DB54321F /* Build configuration list for PBXNativeTarget "OunassCaseStudy" */;
			buildPhases = (
				838A3ED67F3258E2A6751CB7 /* Sources */,
				A16B72B0A9F6D498D4625593 /* Frameworks */,
			);
			buildRules = (
			);
			dependencies = (
			);
			name = OunassCaseStudy;
			packageProductDependencies = (
			);
			productName = OunassCaseStudy;
			productReference = 187C313C95D12FC8C2B53982 /* OunassCaseStudy.app */;
			productType = "com.apple.product-type.application";
		};
/* End PBXNativeTarget section */

/* Begin PBXProject section */
		B5558EEBCEAAE3D58240A1DF /* Project object */ = {
			isa = PBXProject;
			attributes = {
				BuildIndependentTargetsInParallel = YES;
				LastUpgradeCheck = 1430;
				TargetAttributes = {
				};
			};
			buildConfigurationList = AAD1F7D78951A40D88F75E86 /* Build configuration list for PBXProject "OunassCaseStudy" */;
			developmentRegion = en;
			hasScannedForEncodings = 0;
			knownRegions = (
				Base,
				en,
			);
			mainGroup = B1AE54D07444A4494B556BA7;
			minimizedProjectReferenceProxies = 1;
			preferredProjectObjectVersion = 77;
			projectDirPath = "";
			projectRoot = "";
			targets = (
				E448EF2C4913453189AE49D4 /* OunassCaseStudy */,
				D7FA6ABBCB86EBAD6FFDF7D3 /* OunassCaseStudyTests */,
			);
		};
/* End PBXProject section */

/* Begin PBXSourcesBuildPhase section */
		838A3ED67F3258E2A6751CB7 /* Sources */ = {
			isa = PBXSourcesBuildPhase;
			buildActionMask = 2147483647;
			files = (
				61E604ADAC4F41F4B1699E18 /* AppContainer.swift in Sources */,
				403B104777EF9765751ECA76 /* AppDelegate.swift in Sources */,
				B95CC5933A248B57581B887A /* CellController.swift in Sources */,
				A806E3C9269550202A22542F /* CollectionViewController.swift in Sources */,
				F5EFD56A8A237D64DE218F45 /* ColorOptionResponse.swift in Sources */,
				12FB83D846613C7A9DD52718 /* ErrorView.swift in Sources */,
				F4788604333340E1EAC045F7 /* FakeImageLoader.swift in Sources */,
				BD9C9486C97FB0987E234AD5 /* FlexibleDecimal.swift in Sources */,
				999729B0913099C0EA48425B /* HTTPClient.swift in Sources */,
				94C85AD0F29AF416B0F3591C /* HTTPClientError.swift in Sources */,
				A853C154E3C75A149604879E /* ImageLoader.swift in Sources */,
				1347973CF2B4574CEAF95BB2 /* LoadMoreCellController.swift in Sources */,
				E8EC8305B2E5D19F198C905F /* LoadResourcePresentationAdapter.swift in Sources */,
				C81033E225EC640374290879 /* LoadResourcePresenter.swift in Sources */,
				2FB7989A8B8BBBE3AB30855D /* Logger.swift in Sources */,
				BB81C2F5F2D21715A67FFABE /* MediaCarouselCell.swift in Sources */,
				B717FA82142572E0AA46F71E /* MediaCarouselView.swift in Sources */,
				A5A323F92B88A8C2458F8867 /* MediaResponse.swift in Sources */,
				7C849E2CD81E5792FD6A6805 /* OptionGroupView.swift in Sources */,
				719F9D992E6546A56789AEE0 /* OptionValueButton.swift in Sources */,
				DE725CB897F0B33268D0BCDF /* OunassURLBuilder.swift in Sources */,
				7FA4E3F5605255D1B3A25C86 /* PaginationLinkResponse.swift in Sources */,
				579EBF962813006A06E1C0A2 /* PaginationResponse.swift in Sources */,
				818275071B68B6653650EE68 /* ProductDetailData.swift in Sources */,
				58BBFCA49A5187B25A410CE6 /* ProductDetailPresenter.swift in Sources */,
				BE2E35B3BE3C45FF0636E915 /* ProductDetailRepository.swift in Sources */,
				F644E47DD30C709A04462293 /* ProductDetailRepositoryProtocol.swift in Sources */,
				9D197882A50E9852EAB79418 /* ProductDetailResponse.swift in Sources */,
				D63BD9CF547CBE15DD8B45B5 /* ProductDetailViewController.swift in Sources */,
				CD0C14E8585311072ABF6BB9 /* ProductListCell.swift in Sources */,
				FCA9B8D38CF6BE2BBEEF5412 /* ProductListCellController.swift in Sources */,
				733355B840EA554C0D2827F7 /* ProductListContainerResponse.swift in Sources */,
				899DD2D71D6DDEE244AB59B2 /* ProductListItemResponse.swift in Sources */,
				4777CE5368249010DC68C292 /* ProductListPresenter.swift in Sources */,
				A1311F24476E5BE0F273CD8D /* ProductListRepository.swift in Sources */,
				E0FEF674E94899FFF4DB52E4 /* ProductListRepositoryProtocol.swift in Sources */,
				D5F9FF6D5DE9309056A004D8 /* ProductListResponse.swift in Sources */,
				1072DA5B58BAB942FA30B553 /* ProductListUIComposer.swift in Sources */,
				41F53330B50DFD2079C1EC3D /* ProductListViewAdapter.swift in Sources */,
				D7006D0B869B23F7B65A7FE9 /* ProductListViewController.swift in Sources */,
				F72C173659E1691A4E8C77D0 /* ProductModels.swift in Sources */,
				2639F4D240B913BAC5FAE877 /* ProductSummary+Preview.swift in Sources */,
				EDF5AC210AD58F8EC86FD136 /* RemoteHTTPClient.swift in Sources */,
				DAC19536C17D65DE67DECAC4 /* RemoteImageLoader.swift in Sources */,
				457F0E6BA070479D1361A788 /* ResourceViewProtocols.swift in Sources */,
				7013A08A0E3BC532665D3932 /* RootCoordinator.swift in Sources */,
				11527950A1677B3E64AEDE6D /* SelectionStateResolver.swift in Sources */,
				A45150177BEB1B5931C1A714 /* SizeOptionResponse.swift in Sources */,
				460A5F4461FBCC90A018346C /* UIColor+hex.swift in Sources */,
				5BE9B597E6C8C8C990C1B907 /* UIFont+Atelier.swift in Sources */,
				914B6880C0782F492B625CF9 /* UIImage+Make.swift in Sources */,
			);
			runOnlyForDeploymentPostprocessing = 0;
		};
		89EDD3AD3303D47847312ADA /* Sources */ = {
			isa = PBXSourcesBuildPhase;
			buildActionMask = 2147483647;
			files = (
				7F19189757402D94AEEDCF9C /* APIIntegrationTests.swift in Sources */,
				D984FA224DA5DFC456BA8A00 /* DecodingTests.swift in Sources */,
				9795D7D63AC75DA6D2AF6F14 /* ProductListViewModelTests.swift in Sources */,
				DAE6560B7BD92F4E1E295FA0 /* SelectionStateResolverTests.swift in Sources */,
				FF2603FF1D32D1B76954668A /* TestFixtures.swift in Sources */,
			);
			runOnlyForDeploymentPostprocessing = 0;
		};
/* End PBXSourcesBuildPhase section */

/* Begin PBXTargetDependency section */
		121E823D94726BC66B7FE07F /* PBXTargetDependency */ = {
			isa = PBXTargetDependency;
			target = E448EF2C4913453189AE49D4 /* OunassCaseStudy */;
			targetProxy = 62E9719361A0CBEF1C65BE05 /* PBXContainerItemProxy */;
		};
/* End PBXTargetDependency section */

/* Begin XCBuildConfiguration section */
		19140FCC11459D83A1A313CD /* Release */ = {
			isa = XCBuildConfiguration;
			buildSettings = {
				BUNDLE_LOADER = "$(TEST_HOST)";
				GENERATE_INFOPLIST_FILE = YES;
				IPHONEOS_DEPLOYMENT_TARGET = 13.0;
				LD_RUNPATH_SEARCH_PATHS = (
					"$(inherited)",
					"@executable_path/Frameworks",
					"@loader_path/Frameworks",
				);
				PRODUCT_BUNDLE_IDENTIFIER = "com.adrian.ounass-case-study.tests";
				SDKROOT = iphoneos;
				TARGETED_DEVICE_FAMILY = "1,2";
				TEST_HOST = "$(BUILT_PRODUCTS_DIR)/OunassCaseStudy.app/OunassCaseStudy";
			};
			name = Release;
		};
		2E20E945B9EE0382004A10C2 /* Release */ = {
			isa = XCBuildConfiguration;
			buildSettings = {
				ASSETCATALOG_COMPILER_APPICON_NAME = AppIcon;
				CODE_SIGN_IDENTITY = "iPhone Developer";
				GENERATE_INFOPLIST_FILE = YES;
				INFOPLIST_KEY_CFBundleDisplayName = Ounass;
				INFOPLIST_KEY_LSRequiresIPhoneOS = YES;
				INFOPLIST_KEY_UILaunchStoryboardName = LaunchScreen;
				INFOPLIST_KEY_UIRequiresFullScreen = NO;
				INFOPLIST_KEY_UIStatusBarStyle = UIStatusBarStyleDarkContent;
				INFOPLIST_KEY_UISupportedInterfaceOrientations = (
					UIInterfaceOrientationPortrait,
					UIInterfaceOrientationLandscapeLeft,
					UIInterfaceOrientationLandscapeRight,
				);
				INFOPLIST_KEY_UISupportedInterfaceOrientations_iPad = (
					UIInterfaceOrientationPortrait,
					UIInterfaceOrientationPortraitUpsideDown,
					UIInterfaceOrientationLandscapeLeft,
					UIInterfaceOrientationLandscapeRight,
				);
				IPHONEOS_DEPLOYMENT_TARGET = 13.0;
				LD_RUNPATH_SEARCH_PATHS = (
					"$(inherited)",
					"@executable_path/Frameworks",
				);
				PRODUCT_BUNDLE_IDENTIFIER = "com.adrian.ounass-case-study";
				PRODUCT_NAME = OunassCaseStudy;
				SDKROOT = iphoneos;
				TARGETED_DEVICE_FAMILY = "1,2";
			};
			name = Release;
		};
		54158D99D810D5D3E1F58902 /* Debug */ = {
			isa = XCBuildConfiguration;
			buildSettings = {
				BUNDLE_LOADER = "$(TEST_HOST)";
				GENERATE_INFOPLIST_FILE = YES;
				IPHONEOS_DEPLOYMENT_TARGET = 13.0;
				LD_RUNPATH_SEARCH_PATHS = (
					"$(inherited)",
					"@executable_path/Frameworks",
					"@loader_path/Frameworks",
				);
				PRODUCT_BUNDLE_IDENTIFIER = "com.adrian.ounass-case-study.tests";
				SDKROOT = iphoneos;
				TARGETED_DEVICE_FAMILY = "1,2";
				TEST_HOST = "$(BUILT_PRODUCTS_DIR)/OunassCaseStudy.app/OunassCaseStudy";
			};
			name = Debug;
		};
		56BE3320BC34169E1CABB24F /* Debug */ = {
			isa = XCBuildConfiguration;
			buildSettings = {
				ASSETCATALOG_COMPILER_APPICON_NAME = AppIcon;
				CODE_SIGN_IDENTITY = "iPhone Developer";
				GENERATE_INFOPLIST_FILE = YES;
				INFOPLIST_KEY_CFBundleDisplayName = Ounass;
				INFOPLIST_KEY_LSRequiresIPhoneOS = YES;
				INFOPLIST_KEY_UILaunchStoryboardName = LaunchScreen;
				INFOPLIST_KEY_UIRequiresFullScreen = NO;
				INFOPLIST_KEY_UIStatusBarStyle = UIStatusBarStyleDarkContent;
				INFOPLIST_KEY_UISupportedInterfaceOrientations = (
					UIInterfaceOrientationPortrait,
					UIInterfaceOrientationLandscapeLeft,
					UIInterfaceOrientationLandscapeRight,
				);
				INFOPLIST_KEY_UISupportedInterfaceOrientations_iPad = (
					UIInterfaceOrientationPortrait,
					UIInterfaceOrientationPortraitUpsideDown,
					UIInterfaceOrientationLandscapeLeft,
					UIInterfaceOrientationLandscapeRight,
				);
				IPHONEOS_DEPLOYMENT_TARGET = 13.0;
				LD_RUNPATH_SEARCH_PATHS = (
					"$(inherited)",
					"@executable_path/Frameworks",
				);
				PRODUCT_BUNDLE_IDENTIFIER = "com.adrian.ounass-case-study";
				PRODUCT_NAME = OunassCaseStudy;
				SDKROOT = iphoneos;
				TARGETED_DEVICE_FAMILY = "1,2";
			};
			name = Debug;
		};
		B75078004B545F3DE0C7389F /* Release */ = {
			isa = XCBuildConfiguration;
			buildSettings = {
				ALWAYS_SEARCH_USER_PATHS = NO;
				CLANG_ANALYZER_NONNULL = YES;
				CLANG_ANALYZER_NUMBER_OBJECT_CONVERSION = YES_AGGRESSIVE;
				CLANG_CXX_LANGUAGE_STANDARD = "gnu++14";
				CLANG_CXX_LIBRARY = "libc++";
				CLANG_ENABLE_MODULES = YES;
				CLANG_ENABLE_OBJC_ARC = YES;
				CLANG_ENABLE_OBJC_WEAK = YES;
				CLANG_WARN_BLOCK_CAPTURE_AUTORELEASING = YES;
				CLANG_WARN_BOOL_CONVERSION = YES;
				CLANG_WARN_COMMA = YES;
				CLANG_WARN_CONSTANT_CONVERSION = YES;
				CLANG_WARN_DEPRECATED_OBJC_IMPLEMENTATIONS = YES;
				CLANG_WARN_DIRECT_OBJC_ISA_USAGE = YES_ERROR;
				CLANG_WARN_DOCUMENTATION_COMMENTS = YES;
				CLANG_WARN_EMPTY_BODY = YES;
				CLANG_WARN_ENUM_CONVERSION = YES;
				CLANG_WARN_INFINITE_RECURSION = YES;
				CLANG_WARN_INT_CONVERSION = YES;
				CLANG_WARN_NON_LITERAL_NULL_CONVERSION = YES;
				CLANG_WARN_OBJC_IMPLICIT_RETAIN_SELF = YES;
				CLANG_WARN_OBJC_LITERAL_CONVERSION = YES;
				CLANG_WARN_OBJC_ROOT_CLASS = YES_ERROR;
				CLANG_WARN_QUOTED_INCLUDE_IN_FRAMEWORK_HEADER = YES;
				CLANG_WARN_RANGE_LOOP_ANALYSIS = YES;
				CLANG_WARN_STRICT_PROTOTYPES = YES;
				CLANG_WARN_SUSPICIOUS_MOVE = YES;
				CLANG_WARN_UNGUARDED_AVAILABILITY = YES_AGGRESSIVE;
				CLANG_WARN_UNREACHABLE_CODE = YES;
				CLANG_WARN__DUPLICATE_METHOD_MATCH = YES;
				COPY_PHASE_STRIP = NO;
				DEBUG_INFORMATION_FORMAT = "dwarf-with-dsym";
				ENABLE_NS_ASSERTIONS = NO;
				ENABLE_STRICT_OBJC_MSGSEND = YES;
				GCC_C_LANGUAGE_STANDARD = gnu11;
				GCC_NO_COMMON_BLOCKS = YES;
				GCC_WARN_64_TO_32_BIT_CONVERSION = YES;
				GCC_WARN_ABOUT_RETURN_TYPE = YES_ERROR;
				GCC_WARN_UNDECLARED_SELECTOR = YES;
				GCC_WARN_UNINITIALIZED_AUTOS = YES_AGGRESSIVE;
				GCC_WARN_UNUSED_FUNCTION = YES;
				GCC_WARN_UNUSED_VARIABLE = YES;
				IPHONEOS_DEPLOYMENT_TARGET = 13.0;
				MTL_ENABLE_DEBUG_INFO = NO;
				MTL_FAST_MATH = YES;
				PRODUCT_NAME = "$(TARGET_NAME)";
				SDKROOT = iphoneos;
				SWIFT_COMPILATION_MODE = wholemodule;
				SWIFT_OPTIMIZATION_LEVEL = "-O";
				SWIFT_VERSION = 5.9;
				TARGETED_DEVICE_FAMILY = "1,2";
			};
			name = Release;
		};
		F2ED686FB974DB36456863A2 /* Debug */ = {
			isa = XCBuildConfiguration;
			buildSettings = {
				ALWAYS_SEARCH_USER_PATHS = NO;
				CLANG_ANALYZER_NONNULL = YES;
				CLANG_ANALYZER_NUMBER_OBJECT_CONVERSION = YES_AGGRESSIVE;
				CLANG_CXX_LANGUAGE_STANDARD = "gnu++14";
				CLANG_CXX_LIBRARY = "libc++";
				CLANG_ENABLE_MODULES = YES;
				CLANG_ENABLE_OBJC_ARC = YES;
				CLANG_ENABLE_OBJC_WEAK = YES;
				CLANG_WARN_BLOCK_CAPTURE_AUTORELEASING = YES;
				CLANG_WARN_BOOL_CONVERSION = YES;
				CLANG_WARN_COMMA = YES;
				CLANG_WARN_CONSTANT_CONVERSION = YES;
				CLANG_WARN_DEPRECATED_OBJC_IMPLEMENTATIONS = YES;
				CLANG_WARN_DIRECT_OBJC_ISA_USAGE = YES_ERROR;
				CLANG_WARN_DOCUMENTATION_COMMENTS = YES;
				CLANG_WARN_EMPTY_BODY = YES;
				CLANG_WARN_ENUM_CONVERSION = YES;
				CLANG_WARN_INFINITE_RECURSION = YES;
				CLANG_WARN_INT_CONVERSION = YES;
				CLANG_WARN_NON_LITERAL_NULL_CONVERSION = YES;
				CLANG_WARN_OBJC_IMPLICIT_RETAIN_SELF = YES;
				CLANG_WARN_OBJC_LITERAL_CONVERSION = YES;
				CLANG_WARN_OBJC_ROOT_CLASS = YES_ERROR;
				CLANG_WARN_QUOTED_INCLUDE_IN_FRAMEWORK_HEADER = YES;
				CLANG_WARN_RANGE_LOOP_ANALYSIS = YES;
				CLANG_WARN_STRICT_PROTOTYPES = YES;
				CLANG_WARN_SUSPICIOUS_MOVE = YES;
				CLANG_WARN_UNGUARDED_AVAILABILITY = YES_AGGRESSIVE;
				CLANG_WARN_UNREACHABLE_CODE = YES;
				CLANG_WARN__DUPLICATE_METHOD_MATCH = YES;
				COPY_PHASE_STRIP = NO;
				DEBUG_INFORMATION_FORMAT = dwarf;
				ENABLE_STRICT_OBJC_MSGSEND = YES;
				ENABLE_TESTABILITY = YES;
				GCC_C_LANGUAGE_STANDARD = gnu11;
				GCC_DYNAMIC_NO_PIC = NO;
				GCC_NO_COMMON_BLOCKS = YES;
				GCC_OPTIMIZATION_LEVEL = 0;
				GCC_PREPROCESSOR_DEFINITIONS = (
					"$(inherited)",
					"DEBUG=1",
				);
				GCC_WARN_64_TO_32_BIT_CONVERSION = YES;
				GCC_WARN_ABOUT_RETURN_TYPE = YES_ERROR;
				GCC_WARN_UNDECLARED_SELECTOR = YES;
				GCC_WARN_UNINITIALIZED_AUTOS = YES_AGGRESSIVE;
				GCC_WARN_UNUSED_FUNCTION = YES;
				GCC_WARN_UNUSED_VARIABLE = YES;
				IPHONEOS_DEPLOYMENT_TARGET = 13.0;
				MTL_ENABLE_DEBUG_INFO = INCLUDE_SOURCE;
				MTL_FAST_MATH = YES;
				ONLY_ACTIVE_ARCH = YES;
				PRODUCT_NAME = "$(TARGET_NAME)";
				SDKROOT = iphoneos;
				SWIFT_ACTIVE_COMPILATION_CONDITIONS = DEBUG;
				SWIFT_OPTIMIZATION_LEVEL = "-Onone";
				SWIFT_VERSION = 5.9;
				TARGETED_DEVICE_FAMILY = "1,2";
			};
			name = Debug;
		};
/* End XCBuildConfiguration section */

/* Begin XCConfigurationList section */
		0F6070129D5226F262D042FA /* Build configuration list for PBXNativeTarget "OunassCaseStudyTests" */ = {
			isa = XCConfigurationList;
			buildConfigurations = (
				54158D99D810D5D3E1F58902 /* Debug */,
				19140FCC11459D83A1A313CD /* Release */,
			);
			defaultConfigurationIsVisible = 0;
			defaultConfigurationName = Debug;
		};
		7ED33A1F756807C8DB54321F /* Build configuration list for PBXNativeTarget "OunassCaseStudy" */ = {
			isa = XCConfigurationList;
			buildConfigurations = (
				56BE3320BC34169E1CABB24F /* Debug */,
				2E20E945B9EE0382004A10C2 /* Release */,
			);
			defaultConfigurationIsVisible = 0;
			defaultConfigurationName = Debug;
		};
		AAD1F7D78951A40D88F75E86 /* Build configuration list for PBXProject "OunassCaseStudy" */ = {
			isa = XCConfigurationList;
			buildConfigurations = (
				F2ED686FB974DB36456863A2 /* Debug */,
				B75078004B545F3DE0C7389F /* Release */,
			);
			defaultConfigurationIsVisible = 0;
			defaultConfigurationName = Debug;
		};
/* End XCConfigurationList section */
	};
	rootObject = B5558EEBCEAAE3D58240A1DF /* Project object */;
}
